
Microsoft Visual Studio Solution File, Format Version 12.00
# Visual Studio 15
VisualStudioVersion = 15.0.33026.149
MinimumVisualStudioVersion = 10.0.40219.1
Project("{FAE04EC0-301F-11D3-BF4B-00C04F79EFBC}") = "CapaDiseño", "CapaDiseño\CapaDiseño.csproj", "{0F142FC9-DDCB-46EA-BC9C-7E789708100A}"
EndProject
Project("{FAE04EC0-301F-11D3-BF4B-00C04F79EFBC}") = "CapaDatos", "CapaDatos\CapaDatos.csproj", "{16F8D3ED-998E-4EFD-8F3E-C67DCA1C3DA9}"
EndProject
Project("{FAE04EC0-301F-11D3-BF4B-00C04F79EFBC}") = "CapaNegocio", "CapaNegocio\CapaNegocio.csproj", "{1A169FAA-F9F3-4C6C-9A33-117D0310F8DB}"
EndProject
Global
	GlobalSection(SolutionConfigurationPlatforms) = preSolution
		Debug|Any CPU = Debug|Any CPU
		Release|Any CPU = Release|Any CPU
	EndGlobalSection
	GlobalSection(ProjectConfigurationPlatforms) = postSolution
		{0F142FC9-DDCB-46EA-BC9C-7E789708100A}.Debug|Any CPU.ActiveCfg = Debug|Any CPU
		{0F142FC9-DDCB-46EA-BC9C-7E789708100A}.Debug|Any CPU.Build.0 = Debug|Any CPU
		{0F142FC9-DDCB-46EA-BC9C-7E789708100A}.Release|Any CPU.ActiveCfg = Release|Any CPU
		{0F142FC9-DDCB-46EA-BC9C-7E789708100A}.Release|Any CPU.Build.0 = Release|Any CPU
		{16F8D3ED-998E-4EFD-8F3E-C67DCA1C3DA9}.Debug|Any CPU.ActiveCfg = Debug|Any CPU
		{16F8D3ED-998E-4EFD-8F3E-C67DCA1C3DA9}.Debug|Any CPU.Build.0 = Debug|Any CPU
		{16F8D3ED-998E-4EFD-8F3E-C67DCA1C3DA9}.Release|Any CPU.ActiveCfg = Release|Any CPU
		{16F8D3ED-998E-4EFD-8F3E-C67DCA1C3DA9}.Release|Any CPU.Build.0 = Release|Any CPU
		{1A169FAA-F9F3-4C6C-9A33-117D0310F8DB}.Debug|Any CPU.ActiveCfg = Debug|Any CPU
		{1A169FAA-F9F3-4C6C-9A33-117D0310F8DB}.Debug|Any CPU.Build.0 = Debug|Any CPU
		{1A169FAA-F9F3-4C6C-9A33-117D0310F8DB}.Release|Any CPU.ActiveCfg = Release|Any CPU
		{1A169FAA-F9F3-4C6C-9A33-117D0310F8DB}.Release|Any CPU.Build.0 = Release|Any CPU
	EndGlobalSection
	GlobalSection(SolutionProperties) = preSolution
		HideSolutionNode = FALSE
	EndGlobalSection
	GlobalSection(ExtensibilityGlobals) = postSolution
		SolutionGuid = {6686DC5A-1C9D-412D-B277-5684B79E9D62}
	EndGlobalSection
EndGlobal
